// !$*UTF8*$!
{
	archiveVersion = 1;
	classes = {
	};
	objectVersion = 50;
	objects = {

/* Begin PBXBuildFile section */
		2C477CF42484DCBB003B179E /* main.swift in Sources */ = {isa = PBXBuildFile; fileRef = 2C477CF32484DCBB003B179E /* main.swift */; };
		2CC634E3248CBE60008FFF73 /* 15. 二进制中1的个数.swift in Sources */ = {isa = PBXBuildFile; fileRef = 2CC634E2248CBE60008FFF73 /* 15. 二进制中1的个数.swift */; };
/* End PBXBuildFile section */

/* Begin PBXCopyFilesBuildPhase section */
		2C477CEE2484DCBB003B179E /* CopyFiles */ = {
			isa = PBXCopyFilesBuildPhase;
			buildActionMask = 2147483647;
			dstPath = /usr/share/man/man1/;
			dstSubfolderSpec = 0;
			files = (
			);
			runOnlyForDeploymentPostprocessing = 1;
		};
/* End PBXCopyFilesBuildPhase section */

/* Begin PBXFileReference section */
		2C477CF02484DCBB003B179E /* Coding-Interviews */ = {isa = PBXFileReference; explicitFileType = "compiled.mach-o.executable"; includeInIndex = 0; path = "Coding-Interviews"; sourceTree = BUILT_PRODUCTS_DIR; };
		2C477CF32484DCBB003B179E /* main.swift */ = {isa = PBXFileReference; lastKnownFileType = sourcecode.swift; path = main.swift; sourceTree = "<group>"; };
		2C4839102484ECD600422F1F /* 03. 数组中重复的数字.swift */ = {isa = PBXFileReference; lastKnownFileType = sourcecode.swift; path = "03. 数组中重复的数字.swift"; sourceTree = "<group>"; };
		2C4839122484F5AF00422F1F /* 04. 二维数组中的查找.swift */ = {isa = PBXFileReference; lastKnownFileType = sourcecode.swift; path = "04. 二维数组中的查找.swift"; sourceTree = "<group>"; };
		2C550215248BE68200CA6596 /* 13. 机器人的运动范围.swift */ = {isa = PBXFileReference; lastKnownFileType = sourcecode.swift; path = "13. 机器人的运动范围.swift"; sourceTree = "<group>"; };
		2C550217248BEEF400CA6596 /* 14- I. 剪绳子.swift */ = {isa = PBXFileReference; lastKnownFileType = sourcecode.swift; path = "14- I. 剪绳子.swift"; sourceTree = "<group>"; };
		2C8AECFA2486917400676F5C /* 05. 替换空格.swift */ = {isa = PBXFileReference; lastKnownFileType = sourcecode.swift; path = "05. 替换空格.swift"; sourceTree = "<group>"; };
		2C8AECFC2486952B00676F5C /* 06. 从尾到头打印链表.swift */ = {isa = PBXFileReference; lastKnownFileType = sourcecode.swift; path = "06. 从尾到头打印链表.swift"; sourceTree = "<group>"; };
		2C8AECFE248888FD00676F5C /* 07. 重建二叉树.swift */ = {isa = PBXFileReference; lastKnownFileType = sourcecode.swift; path = "07. 重建二叉树.swift"; sourceTree = "<group>"; };
		2C8AED00248894A200676F5C /* 09. 用两个栈实现队列.swift */ = {isa = PBXFileReference; lastKnownFileType = sourcecode.swift; path = "09. 用两个栈实现队列.swift"; sourceTree = "<group>"; };
		2C8AED022488986400676F5C /* 10- I. 斐波那契数列.swift */ = {isa = PBXFileReference; lastKnownFileType = sourcecode.swift; path = "10- I. 斐波那契数列.swift"; sourceTree = "<group>"; };
		2C8AED0424889DA200676F5C /* 10- II. 青蛙跳台阶问题.swift */ = {isa = PBXFileReference; lastKnownFileType = sourcecode.swift; path = "10- II. 青蛙跳台阶问题.swift"; sourceTree = "<group>"; };
		2CC634E0248CBC92008FFF73 /* 14- II. 剪绳子 II.swift */ = {isa = PBXFileReference; lastKnownFileType = sourcecode.swift; path = "14- II. 剪绳子 II.swift"; sourceTree = "<group>"; };
		2CC634E2248CBE60008FFF73 /* 15. 二进制中1的个数.swift */ = {isa = PBXFileReference; lastKnownFileType = sourcecode.swift; path = "15. 二进制中1的个数.swift"; sourceTree = "<group>"; };
		2CCD95F12489E864002708B1 /* 11. 旋转数组的最小数字 .swift */ = {isa = PBXFileReference; lastKnownFileType = sourcecode.swift; path = "11. 旋转数组的最小数字 .swift"; sourceTree = "<group>"; };
		2CCD95F32489EDFD002708B1 /* 12. 矩阵中的路径.swift */ = {isa = PBXFileReference; lastKnownFileType = sourcecode.swift; path = "12. 矩阵中的路径.swift"; sourceTree = "<group>"; };
/* End PBXFileReference section */

/* Begin PBXFrameworksBuildPhase section */
		2C477CED2484DCBB003B179E /* Frameworks */ = {
			isa = PBXFrameworksBuildPhase;
			buildActionMask = 2147483647;
			files = (
			);
			runOnlyForDeploymentPostprocessing = 0;
		};
/* End PBXFrameworksBuildPhase section */

/* Begin PBXGroup section */
		2C477CE72484DCBB003B179E = {
			isa = PBXGroup;
			children = (
				2C477CF22484DCBB003B179E /* Coding-Interviews */,
				2C477CF12484DCBB003B179E /* Products */,
			);
			sourceTree = "<group>";
		};
		2C477CF12484DCBB003B179E /* Products */ = {
			isa = PBXGroup;
			children = (
				2C477CF02484DCBB003B179E /* Coding-Interviews */,
			);
			name = Products;
			sourceTree = "<group>";
		};
		2C477CF22484DCBB003B179E /* Coding-Interviews */ = {
			isa = PBXGroup;
			children = (
				2C477CF32484DCBB003B179E /* main.swift */,
				2C4839102484ECD600422F1F /* 03. 数组中重复的数字.swift */,
				2C4839122484F5AF00422F1F /* 04. 二维数组中的查找.swift */,
				2C8AECFA2486917400676F5C /* 05. 替换空格.swift */,
				2C8AECFC2486952B00676F5C /* 06. 从尾到头打印链表.swift */,
				2C8AECFE248888FD00676F5C /* 07. 重建二叉树.swift */,
				2C8AED00248894A200676F5C /* 09. 用两个栈实现队列.swift */,
				2C8AED022488986400676F5C /* 10- I. 斐波那契数列.swift */,
				2C8AED0424889DA200676F5C /* 10- II. 青蛙跳台阶问题.swift */,
				2CCD95F12489E864002708B1 /* 11. 旋转数组的最小数字 .swift */,
				2CCD95F32489EDFD002708B1 /* 12. 矩阵中的路径.swift */,
				2C550215248BE68200CA6596 /* 13. 机器人的运动范围.swift */,
				2C550217248BEEF400CA6596 /* 14- I. 剪绳子.swift */,
				2CC634E0248CBC92008FFF73 /* 14- II. 剪绳子 II.swift */,
				2CC634E2248CBE60008FFF73 /* 15. 二进制中1的个数.swift */,
			);
			path = "Coding-Interviews";
			sourceTree = "<group>";
		};
/* End PBXGroup section */

/* Begin PBXNativeTarget section */
		2C477CEF2484DCBB003B179E /* Coding-Interviews */ = {
			isa = PBXNativeTarget;
			buildConfigurationList = 2C477CF72484DCBB003B179E /* Build configuration list for PBXNativeTarget "Coding-Interviews" */;
			buildPhases = (
				2C477CEC2484DCBB003B179E /* Sources */,
				2C477CED2484DCBB003B179E /* Frameworks */,
				2C477CEE2484DCBB003B179E /* CopyFiles */,
			);
			buildRules = (
			);
			dependencies = (
			);
			name = "Coding-Interviews";
			productName = "Coding-Interviews";
			productReference = 2C477CF02484DCBB003B179E /* Coding-Interviews */;
			productType = "com.apple.product-type.tool";
		};
/* End PBXNativeTarget section */

/* Begin PBXProject section */
		2C477CE82484DCBB003B179E /* Project object */ = {
			isa = PBXProject;
			attributes = {
				LastSwiftUpdateCheck = 1150;
				LastUpgradeCheck = 1150;
				ORGANIZATIONNAME = "Suzhou Coryphaei Information&Technology Co., Ltd.";
				TargetAttributes = {
					2C477CEF2484DCBB003B179E = {
						CreatedOnToolsVersion = 11.5;
					};
				};
			};
			buildConfigurationList = 2C477CEB2484DCBB003B179E /* Build configuration list for PBXProject "Coding-Interviews" */;
			compatibilityVersion = "Xcode 9.3";
			developmentRegion = en;
			hasScannedForEncodings = 0;
			knownRegions = (
				en,
				Base,
			);
			mainGroup = 2C477CE72484DCBB003B179E;
			productRefGroup = 2C477CF12484DCBB003B179E /* Products */;
			projectDirPath = "";
			projectRoot = "";
			targets = (
				2C477CEF2484DCBB003B179E /* Coding-Interviews */,
			);
		};
/* End PBXProject section */

/* Begin PBXSourcesBuildPhase section */
		2C477CEC2484DCBB003B179E /* Sources */ = {
			isa = PBXSourcesBuildPhase;
			buildActionMask = 2147483647;
			files = (
				2C477CF42484DCBB003B179E /* main.swift in Sources */,
				2CC634E3248CBE60008FFF73 /* 15. 二进制中1的个数.swift in Sources */,
			);
			runOnlyForDeploymentPostprocessing = 0;
		};
/* End PBXSourcesBuildPhase section */

/* Begin XCBuildConfiguration section */
		2C477CF52484DCBB003B179E /* Debug */ = {
			isa = XCBuildConfiguration;
			buildSettings = {
				ALWAYS_SEARCH_USER_PATHS = NO;
				CLANG_ANALYZER_NONNULL = YES;
				CLANG_ANALYZER_NUMBER_OBJECT_CONVERSION = YES_AGGRESSIVE;
				CLANG_CXX_LANGUAGE_STANDARD = "gnu++14";
				CLANG_CXX_LIBRARY = "libc++";
				CLANG_ENABLE_MODULES = YES;
				CLANG_ENABLE_OBJC_ARC = YES;
				CLANG_ENABLE_OBJC_WEAK = YES;
				CLANG_WARN_BLOCK_CAPTURE_AUTORELEASING = YES;
				CLANG_WARN_BOOL_CONVERSION = YES;
				CLANG_WARN_COMMA = YES;
				CLANG_WARN_CONSTANT_CONVERSION = YES;
				CLANG_WARN_DEPRECATED_OBJC_IMPLEMENTATIONS = YES;
				CLANG_WARN_DIRECT_OBJC_ISA_USAGE = YES_ERROR;
				CLANG_WARN_DOCUMENTATION_COMMENTS = YES;
				CLANG_WARN_EMPTY_BODY = YES;
				CLANG_WARN_ENUM_CONVERSION = YES;
				CLANG_WARN_INFINITE_RECURSION = YES;
				CLANG_WARN_INT_CONVERSION = YES;
				CLANG_WARN_NON_LITERAL_NULL_CONVERSION = YES;
				CLANG_WARN_OBJC_IMPLICIT_RETAIN_SELF = YES;
				CLANG_WARN_OBJC_LITERAL_CONVERSION = YES;
				CLANG_WARN_OBJC_ROOT_CLASS = YES_ERROR;
				CLANG_WARN_RANGE_LOOP_ANALYSIS = YES;
				CLANG_WARN_STRICT_PROTOTYPES = YES;
				CLANG_WARN_SUSPICIOUS_MOVE = YES;
				CLANG_WARN_UNGUARDED_AVAILABILITY = YES_AGGRESSIVE;
				CLANG_WARN_UNREACHABLE_CODE = YES;
				CLANG_WARN__DUPLICATE_METHOD_MATCH = YES;
				COPY_PHASE_STRIP = NO;
				DEBUG_INFORMATION_FORMAT = dwarf;
				ENABLE_STRICT_OBJC_MSGSEND = YES;
				ENABLE_TESTABILITY = YES;
				GCC_C_LANGUAGE_STANDARD = gnu11;
				GCC_DYNAMIC_NO_PIC = NO;
				GCC_NO_COMMON_BLOCKS = YES;
				GCC_OPTIMIZATION_LEVEL = 0;
				GCC_PREPROCESSOR_DEFINITIONS = (
					"DEBUG=1",
					"$(inherited)",
				);
				GCC_WARN_64_TO_32_BIT_CONVERSION = YES;
				GCC_WARN_ABOUT_RETURN_TYPE = YES_ERROR;
				GCC_WARN_UNDECLARED_SELECTOR = YES;
				GCC_WARN_UNINITIALIZED_AUTOS = YES_AGGRESSIVE;
				GCC_WARN_UNUSED_FUNCTION = YES;
				GCC_WARN_UNUSED_VARIABLE = YES;
				MACOSX_DEPLOYMENT_TARGET = 10.15;
				MTL_ENABLE_DEBUG_INFO = INCLUDE_SOURCE;
				MTL_FAST_MATH = YES;
				ONLY_ACTIVE_ARCH = YES;
				SDKROOT = macosx;
				SWIFT_ACTIVE_COMPILATION_CONDITIONS = DEBUG;
				SWIFT_OPTIMIZATION_LEVEL = "-Onone";
			};
			name = Debug;
		};
		2C477CF62484DCBB003B179E /* Release */ = {
			isa = XCBuildConfiguration;
			buildSettings = {
				ALWAYS_SEARCH_USER_PATHS = NO;
				CLANG_ANALYZER_NONNULL = YES;
				CLANG_ANALYZER_NUMBER_OBJECT_CONVERSION = YES_AGGRESSIVE;
				CLANG_CXX_LANGUAGE_STANDARD = "gnu++14";
				CLANG_CXX_LIBRARY = "libc++";
				CLANG_ENABLE_MODULES = YES;
				CLANG_ENABLE_OBJC_ARC = YES;
				CLANG_ENABLE_OBJC_WEAK = YES;
				CLANG_WARN_BLOCK_CAPTURE_AUTORELEASING = YES;
				CLANG_WARN_BOOL_CONVERSION = YES;
				CLANG_WARN_COMMA = YES;
				CLANG_WARN_CONSTANT_CONVERSION = YES;
				CLANG_WARN_DEPRECATED_OBJC_IMPLEMENTATIONS = YES;
				CLANG_WARN_DIRECT_OBJC_ISA_USAGE = YES_ERROR;
				CLANG_WARN_DOCUMENTATION_COMMENTS = YES;
				CLANG_WARN_EMPTY_BODY = YES;
				CLANG_WARN_ENUM_CONVERSION = YES;
				CLANG_WARN_INFINITE_RECURSION = YES;
				CLANG_WARN_INT_CONVERSION = YES;
				CLANG_WARN_NON_LITERAL_NULL_CONVERSION = YES;
				CLANG_WARN_OBJC_IMPLICIT_RETAIN_SELF = YES;
				CLANG_WARN_OBJC_LITERAL_CONVERSION = YES;
				CLANG_WARN_OBJC_ROOT_CLASS = YES_ERROR;
				CLANG_WARN_RANGE_LOOP_ANALYSIS = YES;
				CLANG_WARN_STRICT_PROTOTYPES = YES;
				CLANG_WARN_SUSPICIOUS_MOVE = YES;
				CLANG_WARN_UNGUARDED_AVAILABILITY = YES_AGGRESSIVE;
				CLANG_WARN_UNREACHABLE_CODE = YES;
				CLANG_WARN__DUPLICATE_METHOD_MATCH = YES;
				COPY_PHASE_STRIP = NO;
				DEBUG_INFORMATION_FORMAT = "dwarf-with-dsym";
				ENABLE_NS_ASSERTIONS = NO;
				ENABLE_STRICT_OBJC_MSGSEND = YES;
				GCC_C_LANGUAGE_STANDARD = gnu11;
				GCC_NO_COMMON_BLOCKS = YES;
				GCC_WARN_64_TO_32_BIT_CONVERSION = YES;
				GCC_WARN_ABOUT_RETURN_TYPE = YES_ERROR;
				GCC_WARN_UNDECLARED_SELECTOR = YES;
				GCC_WARN_UNINITIALIZED_AUTOS = YES_AGGRESSIVE;
				GCC_WARN_UNUSED_FUNCTION = YES;
				GCC_WARN_UNUSED_VARIABLE = YES;
				MACOSX_DEPLOYMENT_TARGET = 10.15;
				MTL_ENABLE_DEBUG_INFO = NO;
				MTL_FAST_MATH = YES;
				SDKROOT = macosx;
				SWIFT_COMPILATION_MODE = wholemodule;
				SWIFT_OPTIMIZATION_LEVEL = "-O";
			};
			name = Release;
		};
		2C477CF82484DCBB003B179E /* Debug */ = {
			isa = XCBuildConfiguration;
			buildSettings = {
				CODE_SIGN_STYLE = Automatic;
				PRODUCT_NAME = "$(TARGET_NAME)";
				SWIFT_VERSION = 5.0;
			};
			name = Debug;
		};
		2C477CF92484DCBB003B179E /* Release */ = {
			isa = XCBuildConfiguration;
			buildSettings = {
				CODE_SIGN_STYLE = Automatic;
				PRODUCT_NAME = "$(TARGET_NAME)";
				SWIFT_VERSION = 5.0;
			};
			name = Release;
		};
/* End XCBuildConfiguration section */

/* Begin XCConfigurationList section */
		2C477CEB2484DCBB003B179E /* Build configuration list for PBXProject "Coding-Interviews" */ = {
			isa = XCConfigurationList;
			buildConfigurations = (
				2C477CF52484DCBB003B179E /* Debug */,
				2C477CF62484DCBB003B179E /* Release */,
			);
			defaultConfigurationIsVisible = 0;
			defaultConfigurationName = Release;
		};
		2C477CF72484DCBB003B179E /* Build configuration list for PBXNativeTarget "Coding-Interviews" */ = {
			isa = XCConfigurationList;
			buildConfigurations = (
				2C477CF82484DCBB003B179E /* Debug */,
				2C477CF92484DCBB003B179E /* Release */,
			);
			defaultConfigurationIsVisible = 0;
			defaultConfigurationName = Release;
		};
/* End XCConfigurationList section */
	};
	rootObject = 2C477CE82484DCBB003B179E /* Project object */;
}
